// !$*UTF8*$!
{
	archiveVersion = 1;
	classes = {
	};
	objectVersion = 56;
	objects = {

/* Begin PBXBuildFile section */
		4F039D142CCFB36100ADCEE9 /* MainPresenter.swift in Sources */ = {isa = PBXBuildFile; fileRef = 4F039D132CCFB36100ADCEE9 /* MainPresenter.swift */; };
		4F039D162CCFB65B00ADCEE9 /* Buttons.swift in Sources */ = {isa = PBXBuildFile; fileRef = 4F039D152CCFB65B00ADCEE9 /* Buttons.swift */; };
		4F2BAF672CCF92D40058CA57 /* AppDelegate.swift in Sources */ = {isa = PBXBuildFile; fileRef = 4F2BAF662CCF92D40058CA57 /* AppDelegate.swift */; };
		4F2BAF692CCF92D40058CA57 /* SceneDelegate.swift in Sources */ = {isa = PBXBuildFile; fileRef = 4F2BAF682CCF92D40058CA57 /* SceneDelegate.swift */; };
		4F2BAF6B2CCF92D50058CA57 /* MainViewController.swift in Sources */ = {isa = PBXBuildFile; fileRef = 4F2BAF6A2CCF92D50058CA57 /* MainViewController.swift */; };
		4F2BAF6E2CCF92D50058CA57 /* Base in Resources */ = {isa = PBXBuildFile; fileRef = 4F2BAF6D2CCF92D50058CA57 /* Base */; };
		4F2BAF702CCF92D70058CA57 /* Assets.xcassets in Resources */ = {isa = PBXBuildFile; fileRef = 4F2BAF6F2CCF92D70058CA57 /* Assets.xcassets */; };
		4F2BAF732CCF92D70058CA57 /* Base in Resources */ = {isa = PBXBuildFile; fileRef = 4F2BAF722CCF92D70058CA57 /* Base */; };
		4F2BAF7B2CCF92EA0058CA57 /* MainView.swift in Sources */ = {isa = PBXBuildFile; fileRef = 4F2BAF7A2CCF92EA0058CA57 /* MainView.swift */; };
		4F3E8D542CD35A6D00940CEB /* LayerManager.swift in Sources */ = {isa = PBXBuildFile; fileRef = 4F3E8D532CD35A6D00940CEB /* LayerManager.swift */; };
		4F90AA032CCFCB6000FA32F9 /* DrawingGestureRecognizer.swift in Sources */ = {isa = PBXBuildFile; fileRef = 4F90AA022CCFCB6000FA32F9 /* DrawingGestureRecognizer.swift */; };
		4F90AA052CCFD3FD00FA32F9 /* DrawingView.swift in Sources */ = {isa = PBXBuildFile; fileRef = 4F90AA042CCFD3FD00FA32F9 /* DrawingView.swift */; };
		4F90AA092CD0D1D800FA32F9 /* Collection+Safe.swift in Sources */ = {isa = PBXBuildFile; fileRef = 4F90AA082CD0D1D800FA32F9 /* Collection+Safe.swift */; };
		4F90AA0B2CD11D4400FA32F9 /* GIFGenerator.swift in Sources */ = {isa = PBXBuildFile; fileRef = 4F90AA0A2CD11D4400FA32F9 /* GIFGenerator.swift */; };
		4F90AA0F2CD135A700FA32F9 /* AnimationSpeedView.swift in Sources */ = {isa = PBXBuildFile; fileRef = 4F90AA0E2CD135A700FA32F9 /* AnimationSpeedView.swift */; };
		4F90AA132CD1733900FA32F9 /* AnimaticViewController.swift in Sources */ = {isa = PBXBuildFile; fileRef = 4F90AA122CD1733900FA32F9 /* AnimaticViewController.swift */; };
		4FC0802E2CD8BB42007B8928 /* AnimationSpeed.swift in Sources */ = {isa = PBXBuildFile; fileRef = 4FC0802D2CD8BB42007B8928 /* AnimationSpeed.swift */; };
		4FC080332CD8BBC6007B8928 /* Layer.swift in Sources */ = {isa = PBXBuildFile; fileRef = 4FC080322CD8BBC6007B8928 /* Layer.swift */; };
		4FC080352CD8BBD9007B8928 /* Line.swift in Sources */ = {isa = PBXBuildFile; fileRef = 4FC080342CD8BBD9007B8928 /* Line.swift */; };
		4FC080372CD8BE7B007B8928 /* BrushWidth.swift in Sources */ = {isa = PBXBuildFile; fileRef = 4FC080362CD8BE7B007B8928 /* BrushWidth.swift */; };
		4FFD5EE92CD64E990088AB7D /* BrushWidthSlider.swift in Sources */ = {isa = PBXBuildFile; fileRef = 4FFD5EE82CD64E990088AB7D /* BrushWidthSlider.swift */; };
		4FFD5EED2CD79ADF0088AB7D /* RenderEngine.swift in Sources */ = {isa = PBXBuildFile; fileRef = 4FFD5EEC2CD79ADF0088AB7D /* RenderEngine.swift */; };
		4FFD5EEF2CD806FB0088AB7D /* HitchesRegulator.swift in Sources */ = {isa = PBXBuildFile; fileRef = 4FFD5EEE2CD806FB0088AB7D /* HitchesRegulator.swift */; };
		4FFE79252CD404590085C10A /* Renderer.swift in Sources */ = {isa = PBXBuildFile; fileRef = 4FFE79242CD404590085C10A /* Renderer.swift */; };
		4FFE79272CD621AA0085C10A /* ScreensaverAnimation.swift in Sources */ = {isa = PBXBuildFile; fileRef = 4FFE79262CD621AA0085C10A /* ScreensaverAnimation.swift */; };
/* End PBXBuildFile section */

/* Begin PBXFileReference section */
		4F039D132CCFB36100ADCEE9 /* MainPresenter.swift */ = {isa = PBXFileReference; lastKnownFileType = sourcecode.swift; path = MainPresenter.swift; sourceTree = "<group>"; };
		4F039D152CCFB65B00ADCEE9 /* Buttons.swift */ = {isa = PBXFileReference; lastKnownFileType = sourcecode.swift; path = Buttons.swift; sourceTree = "<group>"; };
		4F2BAF632CCF92D40058CA57 /* AnimationCompose.app */ = {isa = PBXFileReference; explicitFileType = wrapper.application; includeInIndex = 0; path = AnimationCompose.app; sourceTree = BUILT_PRODUCTS_DIR; };
		4F2BAF662CCF92D40058CA57 /* AppDelegate.swift */ = {isa = PBXFileReference; lastKnownFileType = sourcecode.swift; path = AppDelegate.swift; sourceTree = "<group>"; };
		4F2BAF682CCF92D40058CA57 /* SceneDelegate.swift */ = {isa = PBXFileReference; lastKnownFileType = sourcecode.swift; path = SceneDelegate.swift; sourceTree = "<group>"; };
		4F2BAF6A2CCF92D50058CA57 /* MainViewController.swift */ = {isa = PBXFileReference; lastKnownFileType = sourcecode.swift; path = MainViewController.swift; sourceTree = "<group>"; };
		4F2BAF6D2CCF92D50058CA57 /* Base */ = {isa = PBXFileReference; lastKnownFileType = file.storyboard; name = Base; path = Base.lproj/Main.storyboard; sourceTree = "<group>"; };
		4F2BAF6F2CCF92D70058CA57 /* Assets.xcassets */ = {isa = PBXFileReference; lastKnownFileType = folder.assetcatalog; path = Assets.xcassets; sourceTree = "<group>"; };
		4F2BAF722CCF92D70058CA57 /* Base */ = {isa = PBXFileReference; lastKnownFileType = file.storyboard; name = Base; path = Base.lproj/LaunchScreen.storyboard; sourceTree = "<group>"; };
		4F2BAF742CCF92D70058CA57 /* Info.plist */ = {isa = PBXFileReference; lastKnownFileType = text.plist.xml; path = Info.plist; sourceTree = "<group>"; };
		4F2BAF7A2CCF92EA0058CA57 /* MainView.swift */ = {isa = PBXFileReference; lastKnownFileType = sourcecode.swift; path = MainView.swift; sourceTree = "<group>"; };
		4F3E8D532CD35A6D00940CEB /* LayerManager.swift */ = {isa = PBXFileReference; lastKnownFileType = sourcecode.swift; path = LayerManager.swift; sourceTree = "<group>"; };
		4F90AA022CCFCB6000FA32F9 /* DrawingGestureRecognizer.swift */ = {isa = PBXFileReference; lastKnownFileType = sourcecode.swift; path = DrawingGestureRecognizer.swift; sourceTree = "<group>"; };
		4F90AA042CCFD3FD00FA32F9 /* DrawingView.swift */ = {isa = PBXFileReference; lastKnownFileType = sourcecode.swift; path = DrawingView.swift; sourceTree = "<group>"; };
		4F90AA082CD0D1D800FA32F9 /* Collection+Safe.swift */ = {isa = PBXFileReference; lastKnownFileType = sourcecode.swift; path = "Collection+Safe.swift"; sourceTree = "<group>"; };
		4F90AA0A2CD11D4400FA32F9 /* GIFGenerator.swift */ = {isa = PBXFileReference; lastKnownFileType = sourcecode.swift; path = GIFGenerator.swift; sourceTree = "<group>"; };
		4F90AA0E2CD135A700FA32F9 /* AnimationSpeedView.swift */ = {isa = PBXFileReference; lastKnownFileType = sourcecode.swift; path = AnimationSpeedView.swift; sourceTree = "<group>"; };
		4F90AA122CD1733900FA32F9 /* AnimaticViewController.swift */ = {isa = PBXFileReference; lastKnownFileType = sourcecode.swift; path = AnimaticViewController.swift; sourceTree = "<group>"; };
		4FC0802D2CD8BB42007B8928 /* AnimationSpeed.swift */ = {isa = PBXFileReference; lastKnownFileType = sourcecode.swift; path = AnimationSpeed.swift; sourceTree = "<group>"; };
		4FC080322CD8BBC6007B8928 /* Layer.swift */ = {isa = PBXFileReference; lastKnownFileType = sourcecode.swift; path = Layer.swift; sourceTree = "<group>"; };
		4FC080342CD8BBD9007B8928 /* Line.swift */ = {isa = PBXFileReference; lastKnownFileType = sourcecode.swift; path = Line.swift; sourceTree = "<group>"; };
		4FC080362CD8BE7B007B8928 /* BrushWidth.swift */ = {isa = PBXFileReference; lastKnownFileType = sourcecode.swift; path = BrushWidth.swift; sourceTree = "<group>"; };
		4FFD5EE82CD64E990088AB7D /* BrushWidthSlider.swift */ = {isa = PBXFileReference; lastKnownFileType = sourcecode.swift; path = BrushWidthSlider.swift; sourceTree = "<group>"; };
		4FFD5EEC2CD79ADF0088AB7D /* RenderEngine.swift */ = {isa = PBXFileReference; lastKnownFileType = sourcecode.swift; path = RenderEngine.swift; sourceTree = "<group>"; };
		4FFD5EEE2CD806FB0088AB7D /* HitchesRegulator.swift */ = {isa = PBXFileReference; lastKnownFileType = sourcecode.swift; path = HitchesRegulator.swift; sourceTree = "<group>"; };
		4FFE79242CD404590085C10A /* Renderer.swift */ = {isa = PBXFileReference; lastKnownFileType = sourcecode.swift; path = Renderer.swift; sourceTree = "<group>"; };
		4FFE79262CD621AA0085C10A /* ScreensaverAnimation.swift */ = {isa = PBXFileReference; lastKnownFileType = sourcecode.swift; path = ScreensaverAnimation.swift; sourceTree = "<group>"; };
/* End PBXFileReference section */

/* Begin PBXFrameworksBuildPhase section */
		4F2BAF602CCF92D40058CA57 /* Frameworks */ = {
			isa = PBXFrameworksBuildPhase;
			buildActionMask = 2147483647;
			files = (
			);
			runOnlyForDeploymentPostprocessing = 0;
		};
/* End PBXFrameworksBuildPhase section */

/* Begin PBXGroup section */
		4F2BAF5A2CCF92D40058CA57 = {
			isa = PBXGroup;
			children = (
				4F2BAF652CCF92D40058CA57 /* AnimationCompose */,
				4F2BAF642CCF92D40058CA57 /* Products */,
			);
			sourceTree = "<group>";
		};
		4F2BAF642CCF92D40058CA57 /* Products */ = {
			isa = PBXGroup;
			children = (
				4F2BAF632CCF92D40058CA57 /* AnimationCompose.app */,
			);
			name = Products;
			sourceTree = "<group>";
		};
		4F2BAF652CCF92D40058CA57 /* AnimationCompose */ = {
			isa = PBXGroup;
			children = (
				4FC080312CD8BBA8007B8928 /* Services */,
				4FC080302CD8BB68007B8928 /* Extensions */,
				4FC0802F2CD8BB59007B8928 /* Views */,
				4FC0802C2CD8BB38007B8928 /* Models */,
				4F2BAF662CCF92D40058CA57 /* AppDelegate.swift */,
				4F2BAF682CCF92D40058CA57 /* SceneDelegate.swift */,
				4F90AA0E2CD135A700FA32F9 /* AnimationSpeedView.swift */,
				4F90AA122CD1733900FA32F9 /* AnimaticViewController.swift */,
				4F2BAF7A2CCF92EA0058CA57 /* MainView.swift */,
				4F2BAF6A2CCF92D50058CA57 /* MainViewController.swift */,
				4F039D132CCFB36100ADCEE9 /* MainPresenter.swift */,
				4F2BAF6C2CCF92D50058CA57 /* Main.storyboard */,
				4F2BAF6F2CCF92D70058CA57 /* Assets.xcassets */,
				4F2BAF712CCF92D70058CA57 /* LaunchScreen.storyboard */,
				4F2BAF742CCF92D70058CA57 /* Info.plist */,
			);
			path = AnimationCompose;
			sourceTree = "<group>";
		};
		4FC0802C2CD8BB38007B8928 /* Models */ = {
			isa = PBXGroup;
			children = (
				4FC0802D2CD8BB42007B8928 /* AnimationSpeed.swift */,
				4FC080362CD8BE7B007B8928 /* BrushWidth.swift */,
				4FC080322CD8BBC6007B8928 /* Layer.swift */,
				4FC080342CD8BBD9007B8928 /* Line.swift */,
			);
			path = Models;
			sourceTree = "<group>";
		};
		4FC0802F2CD8BB59007B8928 /* Views */ = {
			isa = PBXGroup;
			children = (
				4FFD5EE82CD64E990088AB7D /* BrushWidthSlider.swift */,
				4F039D152CCFB65B00ADCEE9 /* Buttons.swift */,
				4F90AA022CCFCB6000FA32F9 /* DrawingGestureRecognizer.swift */,
				4F90AA042CCFD3FD00FA32F9 /* DrawingView.swift */,
			);
			path = Views;
			sourceTree = "<group>";
		};
		4FC080302CD8BB68007B8928 /* Extensions */ = {
			isa = PBXGroup;
			children = (
				4F90AA082CD0D1D800FA32F9 /* Collection+Safe.swift */,
			);
			path = Extensions;
			sourceTree = "<group>";
		};
		4FC080312CD8BBA8007B8928 /* Services */ = {
			isa = PBXGroup;
			children = (
				4F3E8D532CD35A6D00940CEB /* LayerManager.swift */,
				4F90AA0A2CD11D4400FA32F9 /* GIFGenerator.swift */,
				4FFE79262CD621AA0085C10A /* ScreensaverAnimation.swift */,
				4FFE79242CD404590085C10A /* Renderer.swift */,
				4FFD5EEC2CD79ADF0088AB7D /* RenderEngine.swift */,
				4FFD5EEE2CD806FB0088AB7D /* HitchesRegulator.swift */,
			);
			path = Services;
			sourceTree = "<group>";
		};
/* End PBXGroup section */

/* Begin PBXNativeTarget section */
		4F2BAF622CCF92D40058CA57 /* AnimationCompose */ = {
			isa = PBXNativeTarget;
			buildConfigurationList = 4F2BAF772CCF92D70058CA57 /* Build configuration list for PBXNativeTarget "AnimationCompose" */;
			buildPhases = (
				4F2BAF5F2CCF92D40058CA57 /* Sources */,
				4F2BAF602CCF92D40058CA57 /* Frameworks */,
				4F2BAF612CCF92D40058CA57 /* Resources */,
			);
			buildRules = (
			);
			dependencies = (
			);
			name = AnimationCompose;
			productName = AnimationCompose;
			productReference = 4F2BAF632CCF92D40058CA57 /* AnimationCompose.app */;
			productType = "com.apple.product-type.application";
		};
/* End PBXNativeTarget section */

/* Begin PBXProject section */
		4F2BAF5B2CCF92D40058CA57 /* Project object */ = {
			isa = PBXProject;
			attributes = {
				BuildIndependentTargetsInParallel = 1;
				LastSwiftUpdateCheck = 1530;
				LastUpgradeCheck = 1530;
				TargetAttributes = {
					4F2BAF622CCF92D40058CA57 = {
						CreatedOnToolsVersion = 15.3;
					};
				};
			};
			buildConfigurationList = 4F2BAF5E2CCF92D40058CA57 /* Build configuration list for PBXProject "AnimationCompose" */;
			compatibilityVersion = "Xcode 14.0";
			developmentRegion = en;
			hasScannedForEncodings = 0;
			knownRegions = (
				en,
				Base,
			);
			mainGroup = 4F2BAF5A2CCF92D40058CA57;
			productRefGroup = 4F2BAF642CCF92D40058CA57 /* Products */;
			projectDirPath = "";
			projectRoot = "";
			targets = (
				4F2BAF622CCF92D40058CA57 /* AnimationCompose */,
			);
		};
/* End PBXProject section */

/* Begin PBXResourcesBuildPhase section */
		4F2BAF612CCF92D40058CA57 /* Resources */ = {
			isa = PBXResourcesBuildPhase;
			buildActionMask = 2147483647;
			files = (
				4F2BAF702CCF92D70058CA57 /* Assets.xcassets in Resources */,
				4F2BAF732CCF92D70058CA57 /* Base in Resources */,
				4F2BAF6E2CCF92D50058CA57 /* Base in Resources */,
			);
			runOnlyForDeploymentPostprocessing = 0;
		};
/* End PBXResourcesBuildPhase section */

/* Begin PBXSourcesBuildPhase section */
		4F2BAF5F2CCF92D40058CA57 /* Sources */ = {
			isa = PBXSourcesBuildPhase;
			buildActionMask = 2147483647;
			files = (
				4FC0802E2CD8BB42007B8928 /* AnimationSpeed.swift in Sources */,
				4F039D142CCFB36100ADCEE9 /* MainPresenter.swift in Sources */,
				4F2BAF6B2CCF92D50058CA57 /* MainViewController.swift in Sources */,
				4FC080332CD8BBC6007B8928 /* Layer.swift in Sources */,
				4F2BAF7B2CCF92EA0058CA57 /* MainView.swift in Sources */,
				4FC080372CD8BE7B007B8928 /* BrushWidth.swift in Sources */,
				4F90AA052CCFD3FD00FA32F9 /* DrawingView.swift in Sources */,
				4F90AA092CD0D1D800FA32F9 /* Collection+Safe.swift in Sources */,
				4F90AA032CCFCB6000FA32F9 /* DrawingGestureRecognizer.swift in Sources */,
				4FFE79272CD621AA0085C10A /* ScreensaverAnimation.swift in Sources */,
				4FC080352CD8BBD9007B8928 /* Line.swift in Sources */,
				4F90AA132CD1733900FA32F9 /* AnimaticViewController.swift in Sources */,
				4FFD5EEF2CD806FB0088AB7D /* HitchesRegulator.swift in Sources */,
				4F039D162CCFB65B00ADCEE9 /* Buttons.swift in Sources */,
				4F90AA0B2CD11D4400FA32F9 /* GIFGenerator.swift in Sources */,
				4F90AA0F2CD135A700FA32F9 /* AnimationSpeedView.swift in Sources */,
				4F3E8D542CD35A6D00940CEB /* LayerManager.swift in Sources */,
				4F2BAF672CCF92D40058CA57 /* AppDelegate.swift in Sources */,
				4FFD5EE92CD64E990088AB7D /* BrushWidthSlider.swift in Sources */,
				4FFD5EED2CD79ADF0088AB7D /* RenderEngine.swift in Sources */,
				4FFE79252CD404590085C10A /* Renderer.swift in Sources */,
				4F2BAF692CCF92D40058CA57 /* SceneDelegate.swift in Sources */,
			);
			runOnlyForDeploymentPostprocessing = 0;
		};
/* End PBXSourcesBuildPhase section */

/* Begin PBXVariantGroup section */
		4F2BAF6C2CCF92D50058CA57 /* Main.storyboard */ = {
			isa = PBXVariantGroup;
			children = (
				4F2BAF6D2CCF92D50058CA57 /* Base */,
			);
			name = Main.storyboard;
			sourceTree = "<group>";
		};
		4F2BAF712CCF92D70058CA57 /* LaunchScreen.storyboard */ = {
			isa = PBXVariantGroup;
			children = (
				4F2BAF722CCF92D70058CA57 /* Base */,
			);
			name = LaunchScreen.storyboard;
			sourceTree = "<group>";
		};
/* End PBXVariantGroup section */

/* Begin XCBuildConfiguration section */
		4F2BAF752CCF92D70058CA57 /* Debug */ = {
			isa = XCBuildConfiguration;
			buildSettings = {
				ALWAYS_SEARCH_USER_PATHS = NO;
				ASSETCATALOG_COMPILER_GENERATE_SWIFT_ASSET_SYMBOL_EXTENSIONS = YES;
				CLANG_ANALYZER_NONNULL = YES;
				CLANG_ANALYZER_NUMBER_OBJECT_CONVERSION = YES_AGGRESSIVE;
				CLANG_CXX_LANGUAGE_STANDARD = "gnu++20";
				CLANG_ENABLE_MODULES = YES;
				CLANG_ENABLE_OBJC_ARC = YES;
				CLANG_ENABLE_OBJC_WEAK = YES;
				CLANG_WARN_BLOCK_CAPTURE_AUTORELEASING = YES;
				CLANG_WARN_BOOL_CONVERSION = YES;
				CLANG_WARN_COMMA = YES;
				CLANG_WARN_CONSTANT_CONVERSION = YES;
				CLANG_WARN_DEPRECATED_OBJC_IMPLEMENTATIONS = YES;
				CLANG_WARN_DIRECT_OBJC_ISA_USAGE = YES_ERROR;
				CLANG_WARN_DOCUMENTATION_COMMENTS = YES;
				CLANG_WARN_EMPTY_BODY = YES;
				CLANG_WARN_ENUM_CONVERSION = YES;
				CLANG_WARN_INFINITE_RECURSION = YES;
				CLANG_WARN_INT_CONVERSION = YES;
				CLANG_WARN_NON_LITERAL_NULL_CONVERSION = YES;
				CLANG_WARN_OBJC_IMPLICIT_RETAIN_SELF = YES;
				CLANG_WARN_OBJC_LITERAL_CONVERSION = YES;
				CLANG_WARN_OBJC_ROOT_CLASS = YES_ERROR;
				CLANG_WARN_QUOTED_INCLUDE_IN_FRAMEWORK_HEADER = YES;
				CLANG_WARN_RANGE_LOOP_ANALYSIS = YES;
				CLANG_WARN_STRICT_PROTOTYPES = YES;
				CLANG_WARN_SUSPICIOUS_MOVE = YES;
				CLANG_WARN_UNGUARDED_AVAILABILITY = YES_AGGRESSIVE;
				CLANG_WARN_UNREACHABLE_CODE = YES;
				CLANG_WARN__DUPLICATE_METHOD_MATCH = YES;
				COPY_PHASE_STRIP = NO;
				DEBUG_INFORMATION_FORMAT = dwarf;
				ENABLE_STRICT_OBJC_MSGSEND = YES;
				ENABLE_TESTABILITY = YES;
				ENABLE_USER_SCRIPT_SANDBOXING = YES;
				GCC_C_LANGUAGE_STANDARD = gnu17;
				GCC_DYNAMIC_NO_PIC = NO;
				GCC_NO_COMMON_BLOCKS = YES;
				GCC_OPTIMIZATION_LEVEL = 0;
				GCC_PREPROCESSOR_DEFINITIONS = (
					"DEBUG=1",
					"$(inherited)",
				);
				GCC_WARN_64_TO_32_BIT_CONVERSION = YES;
				GCC_WARN_ABOUT_RETURN_TYPE = YES_ERROR;
				GCC_WARN_UNDECLARED_SELECTOR = YES;
				GCC_WARN_UNINITIALIZED_AUTOS = YES_AGGRESSIVE;
				GCC_WARN_UNUSED_FUNCTION = YES;
				GCC_WARN_UNUSED_VARIABLE = YES;
				IPHONEOS_DEPLOYMENT_TARGET = 16.0;
				LOCALIZATION_PREFERS_STRING_CATALOGS = YES;
				MTL_ENABLE_DEBUG_INFO = INCLUDE_SOURCE;
				MTL_FAST_MATH = YES;
				ONLY_ACTIVE_ARCH = YES;
				SDKROOT = iphoneos;
				SWIFT_ACTIVE_COMPILATION_CONDITIONS = "DEBUG $(inherited)";
				SWIFT_OPTIMIZATION_LEVEL = "-Onone";
			};
			name = Debug;
		};
		4F2BAF762CCF92D70058CA57 /* Release */ = {
			isa = XCBuildConfiguration;
			buildSettings = {
				ALWAYS_SEARCH_USER_PATHS = NO;
				ASSETCATALOG_COMPILER_GENERATE_SWIFT_ASSET_SYMBOL_EXTENSIONS = YES;
				CLANG_ANALYZER_NONNULL = YES;
				CLANG_ANALYZER_NUMBER_OBJECT_CONVERSION = YES_AGGRESSIVE;
				CLANG_CXX_LANGUAGE_STANDARD = "gnu++20";
				CLANG_ENABLE_MODULES = YES;
				CLANG_ENABLE_OBJC_ARC = YES;
				CLANG_ENABLE_OBJC_WEAK = YES;
				CLANG_WARN_BLOCK_CAPTURE_AUTORELEASING = YES;
				CLANG_WARN_BOOL_CONVERSION = YES;
				CLANG_WARN_COMMA = YES;
				CLANG_WARN_CONSTANT_CONVERSION = YES;
				CLANG_WARN_DEPRECATED_OBJC_IMPLEMENTATIONS = YES;
				CLANG_WARN_DIRECT_OBJC_ISA_USAGE = YES_ERROR;
				CLANG_WARN_DOCUMENTATION_COMMENTS = YES;
				CLANG_WARN_EMPTY_BODY = YES;
				CLANG_WARN_ENUM_CONVERSION = YES;
				CLANG_WARN_INFINITE_RECURSION = YES;
				CLANG_WARN_INT_CONVERSION = YES;
				CLANG_WARN_NON_LITERAL_NULL_CONVERSION = YES;
				CLANG_WARN_OBJC_IMPLICIT_RETAIN_SELF = YES;
				CLANG_WARN_OBJC_LITERAL_CONVERSION = YES;
				CLANG_WARN_OBJC_ROOT_CLASS = YES_ERROR;
				CLANG_WARN_QUOTED_INCLUDE_IN_FRAMEWORK_HEADER = YES;
				CLANG_WARN_RANGE_LOOP_ANALYSIS = YES;
				CLANG_WARN_STRICT_PROTOTYPES = YES;
				CLANG_WARN_SUSPICIOUS_MOVE = YES;
				CLANG_WARN_UNGUARDED_AVAILABILITY = YES_AGGRESSIVE;
				CLANG_WARN_UNREACHABLE_CODE = YES;
				CLANG_WARN__DUPLICATE_METHOD_MATCH = YES;
				COPY_PHASE_STRIP = NO;
				DEBUG_INFORMATION_FORMAT = "dwarf-with-dsym";
				ENABLE_NS_ASSERTIONS = NO;
				ENABLE_STRICT_OBJC_MSGSEND = YES;
				ENABLE_USER_SCRIPT_SANDBOXING = YES;
				GCC_C_LANGUAGE_STANDARD = gnu17;
				GCC_NO_COMMON_BLOCKS = YES;
				GCC_WARN_64_TO_32_BIT_CONVERSION = YES;
				GCC_WARN_ABOUT_RETURN_TYPE = YES_ERROR;
				GCC_WARN_UNDECLARED_SELECTOR = YES;
				GCC_WARN_UNINITIALIZED_AUTOS = YES_AGGRESSIVE;
				GCC_WARN_UNUSED_FUNCTION = YES;
				GCC_WARN_UNUSED_VARIABLE = YES;
				IPHONEOS_DEPLOYMENT_TARGET = 16.0;
				LOCALIZATION_PREFERS_STRING_CATALOGS = YES;
				MTL_ENABLE_DEBUG_INFO = NO;
				MTL_FAST_MATH = YES;
				SDKROOT = iphoneos;
				SWIFT_COMPILATION_MODE = wholemodule;
				VALIDATE_PRODUCT = YES;
			};
			name = Release;
		};
		4F2BAF782CCF92D70058CA57 /* Debug */ = {
			isa = XCBuildConfiguration;
			buildSettings = {
				ASSETCATALOG_COMPILER_APPICON_NAME = AppIcon;
				ASSETCATALOG_COMPILER_GLOBAL_ACCENT_COLOR_NAME = AccentColor;
				CODE_SIGN_STYLE = Automatic;
				CURRENT_PROJECT_VERSION = 1;
				DEVELOPMENT_TEAM = 7LDFTZVF8F;
				GENERATE_INFOPLIST_FILE = YES;
				INFOPLIST_FILE = AnimationCompose/Info.plist;
				INFOPLIST_KEY_UIApplicationSupportsIndirectInputEvents = YES;
				INFOPLIST_KEY_UILaunchStoryboardName = LaunchScreen;
				INFOPLIST_KEY_UIMainStoryboardFile = Main;
				INFOPLIST_KEY_UISupportedInterfaceOrientations = UIInterfaceOrientationPortrait;
				IPHONEOS_DEPLOYMENT_TARGET = 16.0;
				LD_RUNPATH_SEARCH_PATHS = (
					"$(inherited)",
					"@executable_path/Frameworks",
				);
				MARKETING_VERSION = 1.0;
				PRODUCT_BUNDLE_IDENTIFIER = com.srk1nn.AnimationCompose;
				PRODUCT_NAME = "$(TARGET_NAME)";
				SUPPORTED_PLATFORMS = "iphoneos iphonesimulator";
				SUPPORTS_MACCATALYST = NO;
				SUPPORTS_MAC_DESIGNED_FOR_IPHONE_IPAD = NO;
				SUPPORTS_XR_DESIGNED_FOR_IPHONE_IPAD = NO;
				SWIFT_EMIT_LOC_STRINGS = YES;
				SWIFT_VERSION = 5.0;
				TARGETED_DEVICE_FAMILY = "1,2";
			};
			name = Debug;
		};
		4F2BAF792CCF92D70058CA57 /* Release */ = {
			isa = XCBuildConfiguration;
			buildSettings = {
				ASSETCATALOG_COMPILER_APPICON_NAME = AppIcon;
				ASSETCATALOG_COMPILER_GLOBAL_ACCENT_COLOR_NAME = AccentColor;
				CODE_SIGN_STYLE = Automatic;
				CURRENT_PROJECT_VERSION = 1;
				DEVELOPMENT_TEAM = 7LDFTZVF8F;
				GENERATE_INFOPLIST_FILE = YES;
				INFOPLIST_FILE = AnimationCompose/Info.plist;
				INFOPLIST_KEY_UIApplicationSupportsIndirectInputEvents = YES;
				INFOPLIST_KEY_UILaunchStoryboardName = LaunchScreen;
				INFOPLIST_KEY_UIMainStoryboardFile = Main;
				INFOPLIST_KEY_UISupportedInterfaceOrientations = UIInterfaceOrientationPortrait;
				IPHONEOS_DEPLOYMENT_TARGET = 16.0;
				LD_RUNPATH_SEARCH_PATHS = (
					"$(inherited)",
					"@executable_path/Frameworks",
				);
				MARKETING_VERSION = 1.0;
				PRODUCT_BUNDLE_IDENTIFIER = com.srk1nn.AnimationCompose;
				PRODUCT_NAME = "$(TARGET_NAME)";
				SUPPORTED_PLATFORMS = "iphoneos iphonesimulator";
				SUPPORTS_MACCATALYST = NO;
				SUPPORTS_MAC_DESIGNED_FOR_IPHONE_IPAD = NO;
				SUPPORTS_XR_DESIGNED_FOR_IPHONE_IPAD = NO;
				SWIFT_EMIT_LOC_STRINGS = YES;
				SWIFT_VERSION = 5.0;
				TARGETED_DEVICE_FAMILY = "1,2";
			};
			name = Release;
		};
/* End XCBuildConfiguration section */

/* Begin XCConfigurationList section */
		4F2BAF5E2CCF92D40058CA57 /* Build configuration list for PBXProject "AnimationCompose" */ = {
			isa = XCConfigurationList;
			buildConfigurations = (
				4F2BAF752CCF92D70058CA57 /* Debug */,
				4F2BAF762CCF92D70058CA57 /* Release */,
			);
			defaultConfigurationIsVisible = 0;
			defaultConfigurationName = Release;
		};
		4F2BAF772CCF92D70058CA57 /* Build configuration list for PBXNativeTarget "AnimationCompose" */ = {
			isa = XCConfigurationList;
			buildConfigurations = (
				4F2BAF782CCF92D70058CA57 /* Debug */,
				4F2BAF792CCF92D70058CA57 /* Release */,
			);
			defaultConfigurationIsVisible = 0;
			defaultConfigurationName = Release;
		};
/* End XCConfigurationList section */
	};
	rootObject = 4F2BAF5B2CCF92D40058CA57 /* Project object */;
}
